
Microsoft Visual Studio Solution File, Format Version 12.00
# Visual Studio Version 17
VisualStudioVersion = 17.0.32014.148
MinimumVisualStudioVersion = 10.0.40219.1
Project("{FAE04EC0-301F-11D3-BF4B-00C04F79EFBC}") = "HashTables", "HashTables\HashTables.csproj", "{8FD8B402-4B16-486E-A36E-E815C1C7AEF4}"
EndProject
Global
	GlobalSection(SolutionConfigurationPlatforms) = preSolution
		Debug|Any CPU = Debug|Any CPU
		Release|Any CPU = Release|Any CPU
	EndGlobalSection
	GlobalSection(ProjectConfigurationPlatforms) = postSolution
		{8FD8B402-4B16-486E-A36E-E815C1C7AEF4}.Debug|Any CPU.ActiveCfg = Debug|Any CPU
		{8FD8B402-4B16-486E-A36E-E815C1C7AEF4}.Debug|Any CPU.Build.0 = Debug|Any CPU
		{8FD8B402-4B16-486E-A36E-E815C1C7AEF4}.Release|Any CPU.ActiveCfg = Release|Any CPU
		{8FD8B402-4B16-486E-A36E-E815C1C7AEF4}.Release|Any CPU.Build.0 = Release|Any CPU
	EndGlobalSection
	GlobalSection(SolutionProperties) = preSolution
		HideSolutionNode = FALSE
	EndGlobalSection
	GlobalSection(ExtensibilityGlobals) = postSolution
		SolutionGuid = {82C02EAA-C386-49D0-AE31-81FD9FC3F0A6}
	EndGlobalSection
EndGlobal
